
Microsoft Visual Studio Solution File, Format Version 12.00
# Visual Studio Version 17
VisualStudioVersion = 17.8.34525.116
MinimumVisualStudioVersion = 10.0.40219.1
Project("{FAE04EC0-301F-11D3-BF4B-00C04F79EFBC}") = "even uneven", "even uneven\even uneven.csproj", "{2B084052-D52D-4B60-B45C-7C89B163971B}"
EndProject
Project("{FAE04EC0-301F-11D3-BF4B-00C04F79EFBC}") = "треугольники", "треугольники\треугольники.csproj", "{9B4F8670-D003-49F3-9189-DC429EFE0093}"
EndProject
Project("{FAE04EC0-301F-11D3-BF4B-00C04F79EFBC}") = "Массивы", "Массивы\Массивы.csproj", "{ED6EDF6F-49F1-4F9D-BE7F-520FA3421A4B}"
EndProject
Global
	GlobalSection(SolutionConfigurationPlatforms) = preSolution
		Debug|Any CPU = Debug|Any CPU
		Release|Any CPU = Release|Any CPU
	EndGlobalSection
	GlobalSection(ProjectConfigurationPlatforms) = postSolution
		{2B084052-D52D-4B60-B45C-7C89B163971B}.Debug|Any CPU.ActiveCfg = Debug|Any CPU
		{2B084052-D52D-4B60-B45C-7C89B163971B}.Debug|Any CPU.Build.0 = Debug|Any CPU
		{2B084052-D52D-4B60-B45C-7C89B163971B}.Release|Any CPU.ActiveCfg = Release|Any CPU
		{2B084052-D52D-4B60-B45C-7C89B163971B}.Release|Any CPU.Build.0 = Release|Any CPU
		{9B4F8670-D003-49F3-9189-DC429EFE0093}.Debug|Any CPU.ActiveCfg = Debug|Any CPU
		{9B4F8670-D003-49F3-9189-DC429EFE0093}.Debug|Any CPU.Build.0 = Debug|Any CPU
		{9B4F8670-D003-49F3-9189-DC429EFE0093}.Release|Any CPU.ActiveCfg = Release|Any CPU
		{9B4F8670-D003-49F3-9189-DC429EFE0093}.Release|Any CPU.Build.0 = Release|Any CPU
		{ED6EDF6F-49F1-4F9D-BE7F-520FA3421A4B}.Debug|Any CPU.ActiveCfg = Debug|Any CPU
		{ED6EDF6F-49F1-4F9D-BE7F-520FA3421A4B}.Debug|Any CPU.Build.0 = Debug|Any CPU
		{ED6EDF6F-49F1-4F9D-BE7F-520FA3421A4B}.Release|Any CPU.ActiveCfg = Release|Any CPU
		{ED6EDF6F-49F1-4F9D-BE7F-520FA3421A4B}.Release|Any CPU.Build.0 = Release|Any CPU
	EndGlobalSection
	GlobalSection(SolutionProperties) = preSolution
		HideSolutionNode = FALSE
	EndGlobalSection
	GlobalSection(ExtensibilityGlobals) = postSolution
		SolutionGuid = {627D2367-0C38-49DE-9B59-6F22CDDADA2A}
	EndGlobalSection
EndGlobal
